<?xml version="1.0" encoding="utf-8"?>
<Project ToolsVersion="4.0" xmlns="http://schemas.microsoft.com/developer/msbuild/2003">
  <ItemGroup>
    <Filter Include="Source Files">
      <UniqueIdentifier>{4FC737F1-C7A5-4376-A066-2A32D752A2FF}</UniqueIdentifier>
      <Extensions>cpp;c;cc;cxx;c++;cppm;ixx;def;odl;idl;hpj;bat;asm;asmx</Extensions>
    </Filter>
    <Filter Include="Header Files">
      <UniqueIdentifier>{93995380-89BD-4b04-88EB-625FBE52EBFB}</UniqueIdentifier>
      <Extensions>h;hh;hpp;hxx;h++;hm;inl;inc;ipp;xsd</Extensions>
    </Filter>
    <Filter Include="Resource Files">
      <UniqueIdentifier>{67DA6AB6-F800-4c08-8B7A-83BB121AAD01}</UniqueIdentifier>
      <Extensions>rc;ico;cur;bmp;dlg;rc2;rct;bin;rgs;gif;jpg;jpeg;jpe;resx;tiff;tif;png;wav;mfcribbon-ms</Extensions>
    </Filter>
    <Filter Include="Source Files\src">
      <UniqueIdentifier>{f936f5d5-1b55-4b8b-9273-a3ee797e31b5}</UniqueIdentifier>
    </Filter>
    <Filter Include="Header Files\include">
      <UniqueIdentifier>{81247716-5465-4127-b856-409ff7bbfc28}</UniqueIdentifier>
    </Filter>
    <Filter Include="Header Files\include\integrators">
      <UniqueIdentifier>{066381ec-b542-4175-bf0d-54728d3deb51}</UniqueIdentifier>
    </Filter>
    <Filter Include="Source Files\src\integrators">
      <UniqueIdentifier>{c14d62de-1b75-4c6d-9e86-25ea07231282}</UniqueIdentifier>
    </Filter>
    <Filter Include="Source Files\src\dynamics">
      <UniqueIdentifier>{82f3f698-07fc-46df-a7fe-6cede97b7eb2}</UniqueIdentifier>
    </Filter>
    <Filter Include="Source Files\src\kinematics">
      <UniqueIdentifier>{fdb5ab1c-1b48-47b1-a827-45ca50ab1c73}</UniqueIdentifier>
    </Filter>
    <Filter Include="Source Files\src\control">
      <UniqueIdentifier>{7f924728-a13c-406b-8d46-67ac58bba5b4}</UniqueIdentifier>
    </Filter>
    <Filter Include="Source Files\src\optimisation">
      <UniqueIdentifier>{c475353b-6ea1-4c83-a6ab-91ba12c5b129}</UniqueIdentifier>
    </Filter>
    <Filter Include="Source Files\src\algebra">
      <UniqueIdentifier>{e3076095-9914-4db2-a210-57c415616a7b}</UniqueIdentifier>
    </Filter>
    <Filter Include="Source Files\src\calculus">
      <UniqueIdentifier>{23143644-802a-463a-aad8-d9db7f05a2bf}</UniqueIdentifier>
    </Filter>
    <Filter Include="Header Files\include\dynamics">
      <UniqueIdentifier>{85d3cf05-fe76-4646-9787-b5b53cf21618}</UniqueIdentifier>
    </Filter>
    <Filter Include="Header Files\include\kinematics">
      <UniqueIdentifier>{d8c2af3a-5f41-4454-8fb1-a529a2ea4504}</UniqueIdentifier>
    </Filter>
    <Filter Include="Header Files\include\control">
      <UniqueIdentifier>{bbae03fa-d866-4640-ab9a-53e72cb18426}</UniqueIdentifier>
    </Filter>
    <Filter Include="Header Files\include\algebra">
      <UniqueIdentifier>{cecbc8b5-aba4-4299-beb8-c1450efd5f89}</UniqueIdentifier>
    </Filter>
    <Filter Include="Header Files\include\calculus">
      <UniqueIdentifier>{a96fd268-e746-463b-a744-df7fc47a1b4c}</UniqueIdentifier>
    </Filter>
    <Filter Include="Header Files\include\optimisation">
      <UniqueIdentifier>{00e97d17-6640-4478-9dac-06a914272bee}</UniqueIdentifier>
    </Filter>
  </ItemGroup>
  <ItemGroup>
    <ClInclude Include="MathLib\include\integrators\Integration.h">
      <Filter>Header Files\include\integrators</Filter>
    </ClInclude>
    <ClInclude Include="MathLib\include\integrators\numerical_integrators.h">
      <Filter>Header Files\include\integrators</Filter>
    </ClInclude>
    <ClInclude Include="MathLib\framework.h">
      <Filter>Header Files</Filter>
    </ClInclude>
    <ClInclude Include="MathLib\pch.h">
      <Filter>Header Files</Filter>
    </ClInclude>
    <ClInclude Include="MathLib\include\MathLibAPI.h">
      <Filter>Header Files\include</Filter>
    </ClInclude>
    <ClInclude Include="MathLib\include\integrators\IntegrationAnalysis.h">
      <Filter>Header Files\include\integrators</Filter>
    </ClInclude>
    <ClInclude Include="MathLib\include\dynamics\MassMatrix.h">
      <Filter>Header Files\include\dynamics</Filter>
    </ClInclude>
    <ClInclude Include="MathLib\include\dynamics\Nonlinear_Terms.h">
      <Filter>Header Files\include\dynamics</Filter>
    </ClInclude>
    <ClInclude Include="MathLib\include\dynamics\RigidBody.h">
      <Filter>Header Files\include\dynamics</Filter>
    </ClInclude>
    <ClInclude Include="MathLib\include\dynamics\StateSpace.h">
      <Filter>Header Files\include\dynamics</Filter>
    </ClInclude>
    <ClInclude Include="MathLib\include\control\Error.h">
      <Filter>Header Files\include\control</Filter>
    </ClInclude>
    <ClInclude Include="MathLib\include\control\Metrics.h">
      <Filter>Header Files\include\control</Filter>
    </ClInclude>
    <ClInclude Include="MathLib\include\control\PID.h">
      <Filter>Header Files\include\control</Filter>
    </ClInclude>
    <ClInclude Include="MathLib\include\kinematics\DH_Params.h">
      <Filter>Header Files\include\kinematics</Filter>
    </ClInclude>
    <ClInclude Include="MathLib\include\kinematics\Forward_Kinematics.h">
      <Filter>Header Files\include\kinematics</Filter>
    </ClInclude>
    <ClInclude Include="MathLib\include\kinematics\Jacobian.h">
      <Filter>Header Files\include\kinematics</Filter>
    </ClInclude>
    <ClInclude Include="MathLib\include\kinematics\Transform_Utils.h">
      <Filter>Header Files\include\kinematics</Filter>
    </ClInclude>
    <ClInclude Include="MathLib\include\core\Types.h">
      <Filter>Header Files\include</Filter>
    </ClInclude>
    <ClInclude Include="MathLib\include\core\Utils.h">
      <Filter>Header Files\include</Filter>
    </ClInclude>
    <ClInclude Include="MathLib\include\core\constants.h">
      <Filter>Header Files\include</Filter>
    </ClInclude>
    <ClInclude Include="MathLib\include\kinematics\URDF_Types.h">
      <Filter>Header Files\include\kinematics</Filter>
    </ClInclude>
    <ClInclude Include="MathLib\include\control\TrajectoryTypes.h">
      <Filter>Header Files\include\control</Filter>
    </ClInclude>
    <ClInclude Include="MathLib\include\control\TrapezoidTrajectory.h">
      <Filter>Header Files\include\control</Filter>
    </ClInclude>
    <ClInclude Include="MathLib\include\control\SinusoidalTrajectory.h">
      <Filter>Header Files\include\control</Filter>
    </ClInclude>
    <ClInclude Include="MathLib\include\control\MultisineTrajectory.h">
      <Filter>Header Files\include\control</Filter>
    </ClInclude>
    <ClInclude Include="MathLib\include\control\IJointTrajectory.h">
      <Filter>Header Files\include\control</Filter>
    </ClInclude>
  </ItemGroup>
  <ItemGroup>
    <ClCompile Include="MathLib\src\integrators\Integration.cpp">
      <Filter>Source Files\src\integrators</Filter>
    </ClCompile>
    <ClCompile Include="MathLib\dllmain.cpp">
      <Filter>Source Files</Filter>
    </ClCompile>
    <ClCompile Include="MathLib\pch.cpp">
      <Filter>Source Files</Filter>
    </ClCompile>
    <ClCompile Include="MathLib\src\integrators\IntegrationAnalysis.cpp">
      <Filter>Source Files\src\integrators</Filter>
    </ClCompile>
    <ClCompile Include="MathLib\src\dynamics\MassMatrix.cpp">
      <Filter>Source Files\src\dynamics</Filter>
    </ClCompile>
    <ClCompile Include="MathLib\src\dynamics\Nonlinear_Terms.cpp">
      <Filter>Source Files\src\dynamics</Filter>
    </ClCompile>
    <ClCompile Include="MathLib\src\dynamics\StateSpace.cpp">
      <Filter>Source Files\src\dynamics</Filter>
    </ClCompile>
    <ClCompile Include="MathLib\src\kinematics\DH_Params.cpp">
      <Filter>Source Files\src\kinematics</Filter>
    </ClCompile>
    <ClCompile Include="MathLib\src\kinematics\Jacobian.cpp">
      <Filter>Source Files\src\kinematics</Filter>
    </ClCompile>
    <ClCompile Include="MathLib\src\kinematics\Transform_Utils.cpp">
      <Filter>Source Files\src\kinematics</Filter>
    </ClCompile>
    <ClCompile Include="MathLib\src\control\Error.cpp">
      <Filter>Source Files\src\control</Filter>
    </ClCompile>
    <ClCompile Include="MathLib\src\control\PID.cpp">
      <Filter>Source Files\src\control</Filter>
    </ClCompile>
  </ItemGroup>
</Project>