<?xml version="1.0" encoding="utf-8"?>
<Project ToolsVersion="4.0" xmlns="http://schemas.microsoft.com/developer/msbuild/2003">
  <ItemGroup>
    <Filter Include="Source Files">
      <UniqueIdentifier>{4FC737F1-C7A5-4376-A066-2A32D752A2FF}</UniqueIdentifier>
      <Extensions>cpp;c;cc;cxx;c++;cppm;ixx;def;odl;idl;hpj;bat;asm;asmx</Extensions>
    </Filter>
    <Filter Include="Header Files">
      <UniqueIdentifier>{93995380-89BD-4b04-88EB-625FBE52EBFB}</UniqueIdentifier>
      <Extensions>h;hh;hpp;hxx;h++;hm;inl;inc;ipp;xsd</Extensions>
    </Filter>
    <Filter Include="Resource Files">
      <UniqueIdentifier>{67DA6AB6-F800-4c08-8B7A-83BB121AAD01}</UniqueIdentifier>
      <Extensions>rc;ico;cur;bmp;dlg;rc2;rct;bin;rgs;gif;jpg;jpeg;jpe;resx;tiff;tif;png;wav;mfcribbon-ms</Extensions>
    </Filter>
    <Filter Include="Resource Files\shaders">
      <UniqueIdentifier>{24fad0de-209b-44aa-ae44-94e00b13b501}</UniqueIdentifier>
    </Filter>
    <Filter Include="External">
      <UniqueIdentifier>{a5193cd0-207f-4ebc-b82b-b995201af49b}</UniqueIdentifier>
    </Filter>
    <Filter Include="Source Files\Sim">
      <UniqueIdentifier>{5da5f8b4-e734-4e61-943a-58ead1b2af61}</UniqueIdentifier>
    </Filter>
    <Filter Include="Resource Files\shaders\basic">
      <UniqueIdentifier>{028e6b10-e52a-4d04-9182-b9d818947368}</UniqueIdentifier>
    </Filter>
    <Filter Include="Resource Files\shaders\Post">
      <UniqueIdentifier>{e26424c3-6dd6-41e9-9493-6aa36e9e79b7}</UniqueIdentifier>
    </Filter>
    <Filter Include="Resource Files\shaders\Shadows">
      <UniqueIdentifier>{cb91ff31-a8ba-4a0e-8dd6-1802e145e36f}</UniqueIdentifier>
    </Filter>
    <Filter Include="Resource Files\shaders\WorldGrid">
      <UniqueIdentifier>{de23fb45-02ed-4a6f-9244-c7b22d4c385a}</UniqueIdentifier>
    </Filter>
    <Filter Include="Resource Files\configs">
      <UniqueIdentifier>{0d03b4a3-5c11-4406-bd5d-1d97259ddc06}</UniqueIdentifier>
    </Filter>
  </ItemGroup>
  <ItemGroup>
    <None Include="Engine\assets\shaders\fs_pbr.frag.glsl">
      <Filter>Resource Files\shaders</Filter>
    </None>
    <None Include="Engine\assets\shaders\skybox_render.frag.glsl">
      <Filter>Resource Files\shaders</Filter>
    </None>
    <None Include="Engine\assets\shaders\skybox_render.vert.glsl">
      <Filter>Resource Files\shaders</Filter>
    </None>
    <None Include="Engine\assets\shaders\equirect_to_cubemap.frag.glsl">
      <Filter>Resource Files\shaders</Filter>
    </None>
    <None Include="Engine\assets\shaders\cubemap.vert.glsl">
      <Filter>Resource Files\shaders</Filter>
    </None>
    <None Include="Engine\assets\shaders\irradiance_convolution.frag.glsl">
      <Filter>Resource Files\shaders</Filter>
    </None>
    <None Include="Engine\assets\shaders\irradiance.vert.glsl">
      <Filter>Resource Files\shaders</Filter>
    </None>
    <None Include="Engine\assets\shaders\brdf_lut.frag.glsl">
      <Filter>Resource Files\shaders</Filter>
    </None>
    <None Include="Engine\assets\shaders\brdf_lut.vert.glsl">
      <Filter>Resource Files\shaders</Filter>
    </None>
    <None Include="Engine\assets\shaders\prefilter_cubemap.frag.glsl">
      <Filter>Resource Files\shaders</Filter>
    </None>
    <None Include="Engine\assets\shaders\mesh_basic.frag.glsl">
      <Filter>Resource Files\shaders\basic</Filter>
    </None>
    <None Include="Engine\assets\shaders\mesh_lit.frag.glsl">
      <Filter>Resource Files\shaders\basic</Filter>
    </None>
    <None Include="Engine\assets\shaders\mesh_pbr.frag.glsl">
      <Filter>Resource Files\shaders\basic</Filter>
    </None>
    <None Include="Engine\assets\shaders\post.vert.glsl">
      <Filter>Resource Files\shaders\Post</Filter>
    </None>
    <None Include="Engine\assets\shaders\post.frag.glsl">
      <Filter>Resource Files\shaders\Post</Filter>
    </None>
    <None Include="Engine\assets\shaders\shadow_depth.frag.glsl">
      <Filter>Resource Files\shaders\Shadows</Filter>
    </None>
    <None Include="Engine\assets\shaders\shadow_depth.vert.glsl">
      <Filter>Resource Files\shaders\Shadows</Filter>
    </None>
    <None Include="Engine\assets\shaders\vs_pbr.vert.glsl">
      <Filter>Resource Files\shaders\basic</Filter>
    </None>
    <None Include="Engine\assets\shaders\world_grid.frag.glsl">
      <Filter>Resource Files\shaders\WorldGrid</Filter>
    </None>
    <None Include="Engine\assets\shaders\world_grid.vert.glsl">
      <Filter>Resource Files\shaders\WorldGrid</Filter>
    </None>
    <None Include="Engine\assets\objects\Robotic_Arm_Models\Z1\Z1.json">
      <Filter>Resource Files\configs</Filter>
    </None>
  </ItemGroup>
  <ItemGroup>
    <ClCompile Include="Engine\src\Main.cpp">
      <Filter>Source Files\Sim</Filter>
    </ClCompile>
  </ItemGroup>
</Project>