<?xml version="1.0" encoding="utf-8"?>
<Project ToolsVersion="4.0" xmlns="http://schemas.microsoft.com/developer/msbuild/2003">
  <ItemGroup>
    <ClCompile Include="Engine\src\Main.cpp">
      <Filter>src</Filter>
    </ClCompile>
    <ClCompile Include="External\stb\stb_image_write_impl.cpp">
      <Filter>src</Filter>
    </ClCompile>
    <ClCompile Include="Engine\src\BatchMain.cpp">
      <Filter>src</Filter>
    </ClCompile>
  </ItemGroup>
  <ItemGroup>
    <Filter Include="src">
      <UniqueIdentifier>{0b6781ff-ba8f-4aec-9a14-caa3d8b466be}</UniqueIdentifier>
    </Filter>
    <Filter Include="Shaders">
      <UniqueIdentifier>{383daa6b-14af-40d3-b6df-31732d4d7a6a}</UniqueIdentifier>
    </Filter>
    <Filter Include="include">
      <UniqueIdentifier>{146d8cfd-be4d-41a3-bc59-546deb084dc0}</UniqueIdentifier>
    </Filter>
  </ItemGroup>
  <ItemGroup>
    <None Include="assets\shaders\brdf_lut.frag.glsl">
      <Filter>Shaders</Filter>
    </None>
    <None Include="assets\shaders\brdf_lut.vert.glsl">
      <Filter>Shaders</Filter>
    </None>
    <None Include="assets\shaders\cubemap.vert.glsl">
      <Filter>Shaders</Filter>
    </None>
    <None Include="assets\shaders\equirect_to_cubemap.frag.glsl">
      <Filter>Shaders</Filter>
    </None>
    <None Include="assets\shaders\fs_pbr.frag.glsl">
      <Filter>Shaders</Filter>
    </None>
    <None Include="assets\shaders\irradiance.vert.glsl">
      <Filter>Shaders</Filter>
    </None>
    <None Include="assets\shaders\irradiance_convolution.frag.glsl">
      <Filter>Shaders</Filter>
    </None>
    <None Include="assets\shaders\mesh_basic.frag.glsl">
      <Filter>Shaders</Filter>
    </None>
    <None Include="assets\shaders\mesh_lit.frag.glsl">
      <Filter>Shaders</Filter>
    </None>
    <None Include="assets\shaders\mesh_pbr.frag.glsl">
      <Filter>Shaders</Filter>
    </None>
    <None Include="assets\shaders\post.frag.glsl">
      <Filter>Shaders</Filter>
    </None>
    <None Include="assets\shaders\post.vert.glsl">
      <Filter>Shaders</Filter>
    </None>
    <None Include="assets\shaders\prefilter_cubemap.frag.glsl">
      <Filter>Shaders</Filter>
    </None>
    <None Include="assets\shaders\shadow_depth.frag.glsl">
      <Filter>Shaders</Filter>
    </None>
    <None Include="assets\shaders\shadow_depth.vert.glsl">
      <Filter>Shaders</Filter>
    </None>
    <None Include="assets\shaders\skybox_render.frag.glsl">
      <Filter>Shaders</Filter>
    </None>
    <None Include="assets\shaders\skybox_render.vert.glsl">
      <Filter>Shaders</Filter>
    </None>
    <None Include="assets\shaders\ssao.frag.glsl">
      <Filter>Shaders</Filter>
    </None>
    <None Include="assets\shaders\ssao_blur.frag.glsl">
      <Filter>Shaders</Filter>
    </None>
    <None Include="assets\shaders\vs_pbr.vert.glsl">
      <Filter>Shaders</Filter>
    </None>
    <None Include="assets\shaders\world_grid.frag.glsl">
      <Filter>Shaders</Filter>
    </None>
    <None Include="assets\shaders\world_grid.vert.glsl">
      <Filter>Shaders</Filter>
    </None>
  </ItemGroup>
  <ItemGroup>
    <ClInclude Include="Engine\include\BatchEntry.h">
      <Filter>include</Filter>
    </ClInclude>
    <ClInclude Include="Engine\include\BatchArgs.h">
      <Filter>include</Filter>
    </ClInclude>
  </ItemGroup>
</Project>