<?xml version="1.0" encoding="utf-8"?>
<Project ToolsVersion="4.0" xmlns="http://schemas.microsoft.com/developer/msbuild/2003">
  <ItemGroup>
    <Filter Include="Header Files">
      <UniqueIdentifier>{93995380-89BD-4b04-88EB-625FBE52EBFB}</UniqueIdentifier>
      <Extensions>h;hh;hpp;hxx;h++;hm;inl;inc;ipp;xsd</Extensions>
    </Filter>
    <Filter Include="Resource Files">
      <UniqueIdentifier>{67DA6AB6-F800-4c08-8B7A-83BB121AAD01}</UniqueIdentifier>
      <Extensions>rc;ico;cur;bmp;dlg;rc2;rct;bin;rgs;gif;jpg;jpeg;jpe;resx;tiff;tif;png;wav;mfcribbon-ms</Extensions>
    </Filter>
    <Filter Include="Resource Files\Shaders">
      <UniqueIdentifier>{1f314c76-75a9-4851-af48-2bc5789ee9d7}</UniqueIdentifier>
    </Filter>
    <Filter Include="Header Files\imports">
      <UniqueIdentifier>{b84da1bd-3cdf-4385-b044-c49b182b3a5e}</UniqueIdentifier>
    </Filter>
    <Filter Include="Header Files\Utils">
      <UniqueIdentifier>{018bf385-7880-4606-ab61-368d92c04af6}</UniqueIdentifier>
    </Filter>
    <Filter Include="3rdParty">
      <UniqueIdentifier>{cf14dd7d-6a4d-4ae8-8fa7-1b042539bd09}</UniqueIdentifier>
    </Filter>
    <Filter Include="3rdParty\imgui">
      <UniqueIdentifier>{ab886bd7-a33c-4401-aa44-ecc127069f28}</UniqueIdentifier>
    </Filter>
    <Filter Include="3rdParty\glad">
      <UniqueIdentifier>{b99914d1-43d9-4195-8936-79f137f09af1}</UniqueIdentifier>
    </Filter>
    <Filter Include="Header Files\Scene">
      <UniqueIdentifier>{fe447df8-36c2-441f-b972-cc2f98ab18fb}</UniqueIdentifier>
    </Filter>
    <Filter Include="Header Files\UIx">
      <UniqueIdentifier>{432e3126-db15-4758-8974-085f8cf8f8db}</UniqueIdentifier>
    </Filter>
    <Filter Include="Header Files\UIx\Stylisitc">
      <UniqueIdentifier>{b25fcb4a-5a19-43de-869c-f6334b2aa29b}</UniqueIdentifier>
    </Filter>
    <Filter Include="Header Files\Rendering">
      <UniqueIdentifier>{c348c282-27f2-4537-94bf-e8c7390bb546}</UniqueIdentifier>
    </Filter>
    <Filter Include="Header Files\Platform">
      <UniqueIdentifier>{e5df68e2-eb4c-45a5-897d-8f7b82c9d6a8}</UniqueIdentifier>
    </Filter>
    <Filter Include="Source Files">
      <UniqueIdentifier>{4FC737F1-C7A5-4376-A066-2A32D752A2FF}</UniqueIdentifier>
      <Extensions>cpp;c;cc;cxx;c++;cppm;ixx;def;odl;idl;hpj;bat;asm;asmx</Extensions>
    </Filter>
    <Filter Include="Source Files\Rendering">
      <UniqueIdentifier>{cca6ee43-72c5-45d3-b515-4ee8ea8756ce}</UniqueIdentifier>
    </Filter>
    <Filter Include="Source Files\Shader">
      <UniqueIdentifier>{f1aefc8e-932e-4860-833b-2a8bc471da54}</UniqueIdentifier>
    </Filter>
    <Filter Include="Source Files\Shader\Shader">
      <UniqueIdentifier>{be36cec4-14de-419e-bfbb-ec4e0140494f}</UniqueIdentifier>
    </Filter>
    <Filter Include="Source Files\Platform">
      <UniqueIdentifier>{afe0366a-d4d0-4893-9b56-02fa47a8bbd5}</UniqueIdentifier>
    </Filter>
    <Filter Include="Source Files\imports">
      <UniqueIdentifier>{da5ae967-1867-470f-a5ce-81ee01b6a7fa}</UniqueIdentifier>
    </Filter>
    <Filter Include="Source Files\Scene">
      <UniqueIdentifier>{44e16bc4-1aa4-4f10-84be-dce9e5cd7441}</UniqueIdentifier>
    </Filter>
    <Filter Include="Source Files\UIx">
      <UniqueIdentifier>{9bea8baf-4338-4d1c-b2bb-175ac59cccf4}</UniqueIdentifier>
    </Filter>
    <Filter Include="Source Files\UIx\Stylisitc">
      <UniqueIdentifier>{093dfb76-ae82-401d-b5b6-6672b52bed7e}</UniqueIdentifier>
    </Filter>
  </ItemGroup>
  <ItemGroup>
    <ClCompile Include="External\imgui\imgui.cpp">
      <Filter>3rdParty\imgui</Filter>
    </ClCompile>
    <ClCompile Include="External\imgui\imgui_demo.cpp">
      <Filter>3rdParty\imgui</Filter>
    </ClCompile>
    <ClCompile Include="External\imgui\imgui_draw.cpp">
      <Filter>3rdParty\imgui</Filter>
    </ClCompile>
    <ClCompile Include="External\imgui\imgui_impl_glfw.cpp">
      <Filter>3rdParty\imgui</Filter>
    </ClCompile>
    <ClCompile Include="External\imgui\imgui_impl_opengl3.cpp">
      <Filter>3rdParty\imgui</Filter>
    </ClCompile>
    <ClCompile Include="External\imgui\imgui_tables.cpp">
      <Filter>3rdParty\imgui</Filter>
    </ClCompile>
    <ClCompile Include="External\imgui\imgui_widgets.cpp">
      <Filter>3rdParty\imgui</Filter>
    </ClCompile>
    <ClCompile Include="External\GLAD\glad.c">
      <Filter>3rdParty\glad</Filter>
    </ClCompile>
    <ClCompile Include="src\Imports\importObj.cpp">
      <Filter>Source Files\imports</Filter>
    </ClCompile>
    <ClCompile Include="src\Scene\Mesh.cpp">
      <Filter>Source Files\Scene</Filter>
    </ClCompile>
    <ClCompile Include="src\Scene\SceneView.cpp">
      <Filter>Source Files\Scene</Filter>
    </ClCompile>
    <ClCompile Include="src\Rendering\GUIContext.cpp">
      <Filter>Source Files\Rendering</Filter>
    </ClCompile>
    <ClCompile Include="src\Rendering\OpenGLBufferManager.cpp">
      <Filter>Source Files\Rendering</Filter>
    </ClCompile>
    <ClCompile Include="src\Rendering\OpenGLContext.cpp">
      <Filter>Source Files\Rendering</Filter>
    </ClCompile>
    <ClCompile Include="src\Rendering\SimulationManager.cpp">
      <Filter>Source Files\Rendering</Filter>
    </ClCompile>
    <ClCompile Include="src\Shader\ShaderUtil.cpp">
      <Filter>Source Files\Shader</Filter>
    </ClCompile>
    <ClCompile Include="src\Shader\shaderClass.cpp">
      <Filter>Source Files\Shader</Filter>
    </ClCompile>
    <ClCompile Include="src\UIx\ControlPanel.cpp">
      <Filter>Source Files\UIx</Filter>
    </ClCompile>
    <ClCompile Include="src\UIx\DebugPanel.cpp">
      <Filter>Source Files\UIx</Filter>
    </ClCompile>
    <ClCompile Include="src\UIx\SimulationPanels.cpp">
      <Filter>Source Files\UIx</Filter>
    </ClCompile>
    <ClCompile Include="src\UIx\Styles.cpp">
      <Filter>Source Files\UIx\Stylisitc</Filter>
    </ClCompile>
    <ClCompile Include="src\Platform\WindowManager.cpp">
      <Filter>Source Files\Platform</Filter>
    </ClCompile>
    <ClCompile Include="src\Platform\GUIManager.cpp">
      <Filter>Source Files\Platform</Filter>
    </ClCompile>
    <ClCompile Include="src\Application.cpp">
      <Filter>Source Files</Filter>
    </ClCompile>
    <ClCompile Include="src\Main.cpp">
      <Filter>Source Files</Filter>
    </ClCompile>
  </ItemGroup>
  <ItemGroup>
    <ClInclude Include="External\imgui\imconfig.h">
      <Filter>3rdParty\imgui</Filter>
    </ClInclude>
    <ClInclude Include="External\imgui\imgui.h">
      <Filter>3rdParty\imgui</Filter>
    </ClInclude>
    <ClInclude Include="External\imgui\imgui_impl_glfw.h">
      <Filter>3rdParty\imgui</Filter>
    </ClInclude>
    <ClInclude Include="External\imgui\imgui_impl_opengl3.h">
      <Filter>3rdParty\imgui</Filter>
    </ClInclude>
    <ClInclude Include="External\imgui\imgui_impl_opengl3_loader.h">
      <Filter>3rdParty\imgui</Filter>
    </ClInclude>
    <ClInclude Include="External\imgui\imgui_internal.h">
      <Filter>3rdParty\imgui</Filter>
    </ClInclude>
    <ClInclude Include="External\imgui\imstb_rectpack.h">
      <Filter>3rdParty\imgui</Filter>
    </ClInclude>
    <ClInclude Include="External\imgui\imstb_textedit.h">
      <Filter>3rdParty\imgui</Filter>
    </ClInclude>
    <ClInclude Include="External\imgui\imstb_truetype.h">
      <Filter>3rdParty\imgui</Filter>
    </ClInclude>
    <ClInclude Include="External\GLAD\glad.h">
      <Filter>3rdParty\glad</Filter>
    </ClInclude>
    <ClInclude Include="src\Scene\Mesh.h">
      <Filter>Header Files\Scene</Filter>
    </ClInclude>
    <ClInclude Include="src\Scene\Object.h">
      <Filter>Header Files\Scene</Filter>
    </ClInclude>
    <ClInclude Include="src\Scene\SceneView.h">
      <Filter>Header Files\Scene</Filter>
    </ClInclude>
    <ClInclude Include="src\Scene\VertexHolder.h">
      <Filter>Header Files\Scene</Filter>
    </ClInclude>
    <ClInclude Include="src\Scene\Light.h">
      <Filter>Header Files\Scene</Filter>
    </ClInclude>
    <ClInclude Include="src\Scene\Input.h">
      <Filter>Header Files\Scene</Filter>
    </ClInclude>
    <ClInclude Include="src\Scene\Face.h">
      <Filter>Header Files\Scene</Filter>
    </ClInclude>
    <ClInclude Include="src\Scene\Element.h">
      <Filter>Header Files\Scene</Filter>
    </ClInclude>
    <ClInclude Include="src\Scene\Camera.h">
      <Filter>Header Files\Scene</Filter>
    </ClInclude>
    <ClInclude Include="src\Rendering\GUIContext.h">
      <Filter>Header Files\Rendering</Filter>
    </ClInclude>
    <ClInclude Include="src\Rendering\OpenGLContext.h">
      <Filter>Header Files\Rendering</Filter>
    </ClInclude>
    <ClInclude Include="src\Rendering\OpenGLBufferManager.h">
      <Filter>Header Files\Rendering</Filter>
    </ClInclude>
    <ClInclude Include="src\Rendering\RenderBase.h">
      <Filter>Header Files\Rendering</Filter>
    </ClInclude>
    <ClInclude Include="src\Rendering\SimulationManager.h">
      <Filter>Header Files\Rendering</Filter>
    </ClInclude>
    <ClInclude Include="src\Shader\shaderClass.h">
      <Filter>Source Files\Shader\Shader</Filter>
    </ClInclude>
    <ClInclude Include="src\Shader\ShaderUtil.h">
      <Filter>Source Files\Shader\Shader</Filter>
    </ClInclude>
    <ClInclude Include="src\UIx\ControlPanel.h">
      <Filter>Header Files\UIx</Filter>
    </ClInclude>
    <ClInclude Include="src\UIx\DebugLogEntry.h">
      <Filter>Header Files\UIx</Filter>
    </ClInclude>
    <ClInclude Include="src\UIx\DebugPanel.h">
      <Filter>Header Files\UIx</Filter>
    </ClInclude>
    <ClInclude Include="src\UIx\SimulationPanels.h">
      <Filter>Header Files\UIx</Filter>
    </ClInclude>
    <ClInclude Include="src\UIx\Styles.h">
      <Filter>Header Files\UIx\Stylisitc</Filter>
    </ClInclude>
    <ClInclude Include="src\Utils\imguiWidgets.h">
      <Filter>Header Files\Utils</Filter>
    </ClInclude>
    <ClInclude Include="src\Utils\Logger.h">
      <Filter>Header Files\Utils</Filter>
    </ClInclude>
    <ClInclude Include="src\Utils\str_utils.h">
      <Filter>Header Files\Utils</Filter>
    </ClInclude>
    <ClInclude Include="src\Platform\GUIManager.h">
      <Filter>Header Files\Platform</Filter>
    </ClInclude>
    <ClInclude Include="src\Platform\Window.h">
      <Filter>Header Files\Platform</Filter>
    </ClInclude>
    <ClInclude Include="src\Platform\WindowManager.h">
      <Filter>Header Files\Platform</Filter>
    </ClInclude>
    <ClInclude Include="src\Application.h">
      <Filter>Header Files</Filter>
    </ClInclude>
    <ClInclude Include="src\pch.h">
      <Filter>Header Files</Filter>
    </ClInclude>
  </ItemGroup>
  <ItemGroup>
    <None Include="assets\Shaders\fs_pbr.frag.glsl">
      <Filter>Resource Files\Shaders</Filter>
    </None>
    <None Include="assets\Shaders\shadow_depth.frag.glsl">
      <Filter>Resource Files\Shaders</Filter>
    </None>
    <None Include="assets\Shaders\shadow_depth.vert.glsl">
      <Filter>Resource Files\Shaders</Filter>
    </None>
    <None Include="assets\Shaders\vs_pbr.vert.glsl">
      <Filter>Resource Files\Shaders</Filter>
    </None>
    <None Include="assets\Shaders\world_grid.frag.glsl">
      <Filter>Resource Files\Shaders</Filter>
    </None>
    <None Include="assets\Shaders\world_grid.vert.glsl">
      <Filter>Resource Files\Shaders</Filter>
    </None>
  </ItemGroup>
</Project>