<?xml version="1.0" encoding="utf-8"?>
<Project ToolsVersion="4.0" xmlns="http://schemas.microsoft.com/developer/msbuild/2003">
  <ItemGroup>
    <Filter Include="Source Files">
      <UniqueIdentifier>{4FC737F1-C7A5-4376-A066-2A32D752A2FF}</UniqueIdentifier>
      <Extensions>cpp;c;cc;cxx;c++;cppm;ixx;def;odl;idl;hpj;bat;asm;asmx</Extensions>
    </Filter>
    <Filter Include="Header Files">
      <UniqueIdentifier>{93995380-89BD-4b04-88EB-625FBE52EBFB}</UniqueIdentifier>
      <Extensions>h;hh;hpp;hxx;h++;hm;inl;inc;ipp;xsd</Extensions>
    </Filter>
    <Filter Include="Resource Files">
      <UniqueIdentifier>{67DA6AB6-F800-4c08-8B7A-83BB121AAD01}</UniqueIdentifier>
      <Extensions>rc;ico;cur;bmp;dlg;rc2;rct;bin;rgs;gif;jpg;jpeg;jpe;resx;tiff;tif;png;wav;mfcribbon-ms</Extensions>
    </Filter>
    <Filter Include="Resource Files\Shaders">
      <UniqueIdentifier>{1f314c76-75a9-4851-af48-2bc5789ee9d7}</UniqueIdentifier>
    </Filter>
    <Filter Include="Source Files\Renderer">
      <UniqueIdentifier>{cca6ee43-72c5-45d3-b515-4ee8ea8756ce}</UniqueIdentifier>
    </Filter>
    <Filter Include="Source Files\Simulation_Core">
      <UniqueIdentifier>{33f08d8e-c594-486f-bcf8-3e35d6548e3f}</UniqueIdentifier>
    </Filter>
    <Filter Include="Source Files\GUI">
      <UniqueIdentifier>{afe0366a-d4d0-4893-9b56-02fa47a8bbd5}</UniqueIdentifier>
    </Filter>
    <Filter Include="Header Files\Core">
      <UniqueIdentifier>{15d991b0-b16a-41f1-8cf6-51558f06a107}</UniqueIdentifier>
    </Filter>
    <Filter Include="Source Files\Utils">
      <UniqueIdentifier>{50ef87b6-c54e-45c3-a24b-48b45cae0929}</UniqueIdentifier>
    </Filter>
    <Filter Include="Header Files\Utils">
      <UniqueIdentifier>{be36cec4-14de-419e-bfbb-ec4e0140494f}</UniqueIdentifier>
    </Filter>
    <Filter Include="Header Files\UI">
      <UniqueIdentifier>{e5df68e2-eb4c-45a5-897d-8f7b82c9d6a8}</UniqueIdentifier>
    </Filter>
    <Filter Include="Header Files\Renderer">
      <UniqueIdentifier>{c348c282-27f2-4537-94bf-e8c7390bb546}</UniqueIdentifier>
    </Filter>
    <Filter Include="Source Files\GUI\ImGui">
      <UniqueIdentifier>{8b5e1e37-bc82-4819-8af7-799153430861}</UniqueIdentifier>
    </Filter>
  </ItemGroup>
  <ItemGroup>
    <ClCompile Include="Main.cpp">
      <Filter>Source Files</Filter>
    </ClCompile>
    <ClCompile Include="Application.cpp">
      <Filter>Source Files\Simulation_Core</Filter>
    </ClCompile>
    <ClCompile Include="VBO.cpp">
      <Filter>Source Files\Utils</Filter>
    </ClCompile>
    <ClCompile Include="shaderClass.cpp">
      <Filter>Source Files\Utils</Filter>
    </ClCompile>
    <ClCompile Include="VAO.cpp">
      <Filter>Source Files\Utils</Filter>
    </ClCompile>
    <ClCompile Include="EBO.cpp">
      <Filter>Source Files\Utils</Filter>
    </ClCompile>
    <ClCompile Include="glad.c">
      <Filter>Source Files\Utils</Filter>
    </ClCompile>
    <ClCompile Include="Renderer.cpp">
      <Filter>Source Files\Renderer</Filter>
    </ClCompile>
    <ClCompile Include="SimulationManager.cpp">
      <Filter>Source Files\Simulation_Core</Filter>
    </ClCompile>
    <ClCompile Include="Libraries\lib\imgui\imgui_widgets.cpp">
      <Filter>Source Files\GUI\ImGui</Filter>
    </ClCompile>
    <ClCompile Include="Libraries\lib\imgui\imgui.cpp">
      <Filter>Source Files\GUI\ImGui</Filter>
    </ClCompile>
    <ClCompile Include="Libraries\lib\imgui\imgui_demo.cpp">
      <Filter>Source Files\GUI\ImGui</Filter>
    </ClCompile>
    <ClCompile Include="Libraries\lib\imgui\imgui_draw.cpp">
      <Filter>Source Files\GUI\ImGui</Filter>
    </ClCompile>
    <ClCompile Include="Libraries\lib\imgui\imgui_impl_glfw.cpp">
      <Filter>Source Files\GUI\ImGui</Filter>
    </ClCompile>
    <ClCompile Include="Libraries\lib\imgui\imgui_impl_opengl3.cpp">
      <Filter>Source Files\GUI\ImGui</Filter>
    </ClCompile>
    <ClCompile Include="Libraries\lib\imgui\imgui_tables.cpp">
      <Filter>Source Files\GUI\ImGui</Filter>
    </ClCompile>
    <ClCompile Include="ControlPanel.cpp">
      <Filter>Source Files\GUI</Filter>
    </ClCompile>
    <ClCompile Include="DebugPanel.cpp">
      <Filter>Source Files\GUI</Filter>
    </ClCompile>
    <ClCompile Include="GUIManager.cpp">
      <Filter>Source Files\GUI</Filter>
    </ClCompile>
    <ClCompile Include="SimulationPanels.cpp">
      <Filter>Source Files\GUI</Filter>
    </ClCompile>
  </ItemGroup>
  <ItemGroup>
    <None Include="default.vert">
      <Filter>Resource Files\Shaders</Filter>
    </None>
    <None Include="default.frag">
      <Filter>Resource Files\Shaders</Filter>
    </None>
    <None Include="DebugLogEntry.h">
      <Filter>Header Files\UI</Filter>
    </None>
  </ItemGroup>
  <ItemGroup>
    <ClInclude Include="GUIManager.h">
      <Filter>Header Files\UI</Filter>
    </ClInclude>
    <ClInclude Include="Application.h">
      <Filter>Header Files\Core</Filter>
    </ClInclude>
    <ClInclude Include="VBO.h">
      <Filter>Header Files\Utils</Filter>
    </ClInclude>
    <ClInclude Include="VAO.h">
      <Filter>Header Files\Utils</Filter>
    </ClInclude>
    <ClInclude Include="shaderClass.h">
      <Filter>Header Files\Utils</Filter>
    </ClInclude>
    <ClInclude Include="EBO.h">
      <Filter>Header Files\Utils</Filter>
    </ClInclude>
    <ClInclude Include="ControlPanel.h">
      <Filter>Header Files\UI</Filter>
    </ClInclude>
    <ClInclude Include="SimulationPanels.h">
      <Filter>Header Files\UI</Filter>
    </ClInclude>
    <ClInclude Include="Renderer.h">
      <Filter>Header Files\Renderer</Filter>
    </ClInclude>
    <ClInclude Include="SimulationManager.h">
      <Filter>Header Files\Core</Filter>
    </ClInclude>
    <ClInclude Include="CoreIncludes.h">
      <Filter>Header Files</Filter>
    </ClInclude>
    <ClInclude Include="DebugPanel.h">
      <Filter>Header Files\UI</Filter>
    </ClInclude>
  </ItemGroup>
</Project>